
Microsoft Visual Studio Solution File, Format Version 12.00
# Visual Studio Version 16
VisualStudioVersion = 16.0.31515.178
MinimumVisualStudioVersion = 10.0.40219.1
Project("{9A19103F-16F7-4668-BE54-9A1E7A4F7556}") = "Cadastrador", "Cadastrador\Cadastrador.csproj", "{25099C8C-BCE6-43BF-B87B-A6890AAE302E}"
EndProject
Project("{9A19103F-16F7-4668-BE54-9A1E7A4F7556}") = "Compartilhado", "Compartilhado\Compartilhado.csproj", "{3BA19182-C992-4C1F-B290-6282EC23DEF5}"
EndProject
Project("{9A19103F-16F7-4668-BE54-9A1E7A4F7556}") = "Coletor", "Coletor\Coletor.csproj", "{1F496E09-14A4-4F18-9DB2-93141ED7926F}"
EndProject
Project("{9A19103F-16F7-4668-BE54-9A1E7A4F7556}") = "Reservador", "Reservador\Reservador.csproj", "{A257552E-2060-4CAE-BE80-60A853524107}"
EndProject
Global
	GlobalSection(SolutionConfigurationPlatforms) = preSolution
		Debug|Any CPU = Debug|Any CPU
		Release|Any CPU = Release|Any CPU
	EndGlobalSection
	GlobalSection(ProjectConfigurationPlatforms) = postSolution
		{25099C8C-BCE6-43BF-B87B-A6890AAE302E}.Debug|Any CPU.ActiveCfg = Debug|Any CPU
		{25099C8C-BCE6-43BF-B87B-A6890AAE302E}.Debug|Any CPU.Build.0 = Debug|Any CPU
		{25099C8C-BCE6-43BF-B87B-A6890AAE302E}.Release|Any CPU.ActiveCfg = Release|Any CPU
		{25099C8C-BCE6-43BF-B87B-A6890AAE302E}.Release|Any CPU.Build.0 = Release|Any CPU
		{3BA19182-C992-4C1F-B290-6282EC23DEF5}.Debug|Any CPU.ActiveCfg = Debug|Any CPU
		{3BA19182-C992-4C1F-B290-6282EC23DEF5}.Debug|Any CPU.Build.0 = Debug|Any CPU
		{3BA19182-C992-4C1F-B290-6282EC23DEF5}.Release|Any CPU.ActiveCfg = Release|Any CPU
		{3BA19182-C992-4C1F-B290-6282EC23DEF5}.Release|Any CPU.Build.0 = Release|Any CPU
		{1F496E09-14A4-4F18-9DB2-93141ED7926F}.Debug|Any CPU.ActiveCfg = Debug|Any CPU
		{1F496E09-14A4-4F18-9DB2-93141ED7926F}.Debug|Any CPU.Build.0 = Debug|Any CPU
		{1F496E09-14A4-4F18-9DB2-93141ED7926F}.Release|Any CPU.ActiveCfg = Release|Any CPU
		{1F496E09-14A4-4F18-9DB2-93141ED7926F}.Release|Any CPU.Build.0 = Release|Any CPU
		{A257552E-2060-4CAE-BE80-60A853524107}.Debug|Any CPU.ActiveCfg = Debug|Any CPU
		{A257552E-2060-4CAE-BE80-60A853524107}.Debug|Any CPU.Build.0 = Debug|Any CPU
		{A257552E-2060-4CAE-BE80-60A853524107}.Release|Any CPU.ActiveCfg = Release|Any CPU
		{A257552E-2060-4CAE-BE80-60A853524107}.Release|Any CPU.Build.0 = Release|Any CPU
	EndGlobalSection
	GlobalSection(SolutionProperties) = preSolution
		HideSolutionNode = FALSE
	EndGlobalSection
	GlobalSection(ExtensibilityGlobals) = postSolution
		SolutionGuid = {CE1BC769-7620-48EE-AD2F-941C51D241F4}
	EndGlobalSection
EndGlobal
